
Microsoft Visual Studio Solution File, Format Version 12.00
# Visual Studio Version 16
VisualStudioVersion = 16.0.31911.196
MinimumVisualStudioVersion = 10.0.40219.1
Project("{FAE04EC0-301F-11D3-BF4B-00C04F79EFBC}") = "QLcuahang", "QLcuahang\QLcuahang.csproj", "{70C53C0F-5617-450B-93E0-9E3729FB5BFF}"
EndProject
Project("{54435603-DBB4-11D2-8724-00A0C9A8B90C}") = "SetupQLcuahangnuochoa", "SetupQLcuahangnuochoa\SetupQLcuahangnuochoa.vdproj", "{2A6D9414-28F7-492B-9791-5B8D724E32F1}"
EndProject
Global
	GlobalSection(SolutionConfigurationPlatforms) = preSolution
		Debug|Any CPU = Debug|Any CPU
		Release|Any CPU = Release|Any CPU
	EndGlobalSection
	GlobalSection(ProjectConfigurationPlatforms) = postSolution
		{70C53C0F-5617-450B-93E0-9E3729FB5BFF}.Debug|Any CPU.ActiveCfg = Debug|Any CPU
		{70C53C0F-5617-450B-93E0-9E3729FB5BFF}.Debug|Any CPU.Build.0 = Debug|Any CPU
		{70C53C0F-5617-450B-93E0-9E3729FB5BFF}.Release|Any CPU.ActiveCfg = Release|Any CPU
		{70C53C0F-5617-450B-93E0-9E3729FB5BFF}.Release|Any CPU.Build.0 = Release|Any CPU
		{2A6D9414-28F7-492B-9791-5B8D724E32F1}.Debug|Any CPU.ActiveCfg = Debug
		{2A6D9414-28F7-492B-9791-5B8D724E32F1}.Release|Any CPU.ActiveCfg = Release
	EndGlobalSection
	GlobalSection(SolutionProperties) = preSolution
		HideSolutionNode = FALSE
	EndGlobalSection
	GlobalSection(ExtensibilityGlobals) = postSolution
		SolutionGuid = {8D9C0DD7-0C8B-4DD6-86B1-E73B5028B224}
	EndGlobalSection
EndGlobal
